// !$*UTF8*$!
{
	archiveVersion = 1;
	classes = {
	};
	objectVersion = 46;
	objects = {

/* Begin PBXBuildFile section */
		F46C8AFE1D4B7F8000F11890 /* AppDelegate.m in Sources */ = {isa = PBXBuildFile; fileRef = F46C8AFD1D4B7F8000F11890 /* AppDelegate.m */; };
		F46C8B011D4B7F8000F11890 /* main.m in Sources */ = {isa = PBXBuildFile; fileRef = F46C8B001D4B7F8000F11890 /* main.m */; };
		F46C8B041D4B7F8000F11890 /* ViewController.m in Sources */ = {isa = PBXBuildFile; fileRef = F46C8B031D4B7F8000F11890 /* ViewController.m */; };
		F46C8B061D4B7F8000F11890 /* Assets.xcassets in Resources */ = {isa = PBXBuildFile; fileRef = F46C8B051D4B7F8000F11890 /* Assets.xcassets */; };
		F46C8B091D4B7F8000F11890 /* Main.storyboard in Resources */ = {isa = PBXBuildFile; fileRef = F46C8B071D4B7F8000F11890 /* Main.storyboard */; };
		F47404531D4F6287005E49CB /* NSString+ks.m in Sources */ = {isa = PBXBuildFile; fileRef = F47404521D4F6287005E49CB /* NSString+ks.m */; };
/* End PBXBuildFile section */

/* Begin PBXFileReference section */
		F46C8AF91D4B7F8000F11890 /* ks2lua.app */ = {isa = PBXFileReference; explicitFileType = wrapper.application; includeInIndex = 0; path = ks2lua.app; sourceTree = BUILT_PRODUCTS_DIR; };
		F46C8AFC1D4B7F8000F11890 /* AppDelegate.h */ = {isa = PBXFileReference; lastKnownFileType = sourcecode.c.h; path = AppDelegate.h; sourceTree = "<group>"; };
		F46C8AFD1D4B7F8000F11890 /* AppDelegate.m */ = {isa = PBXFileReference; lastKnownFileType = sourcecode.c.objc; path = AppDelegate.m; sourceTree = "<group>"; };
		F46C8B001D4B7F8000F11890 /* main.m */ = {isa = PBXFileReference; lastKnownFileType = sourcecode.c.objc; path = main.m; sourceTree = "<group>"; };
		F46C8B021D4B7F8000F11890 /* ViewController.h */ = {isa = PBXFileReference; lastKnownFileType = sourcecode.c.h; path = ViewController.h; sourceTree = "<group>"; };
		F46C8B031D4B7F8000F11890 /* ViewController.m */ = {isa = PBXFileReference; lastKnownFileType = sourcecode.c.objc; path = ViewController.m; sourceTree = "<group>"; };
		F46C8B051D4B7F8000F11890 /* Assets.xcassets */ = {isa = PBXFileReference; lastKnownFileType = folder.assetcatalog; path = Assets.xcassets; sourceTree = "<group>"; };
		F46C8B081D4B7F8000F11890 /* Base */ = {isa = PBXFileReference; lastKnownFileType = file.storyboard; name = Base; path = Base.lproj/Main.storyboard; sourceTree = "<group>"; };
		F46C8B0A1D4B7F8000F11890 /* Info.plist */ = {isa = PBXFileReference; lastKnownFileType = text.plist.xml; path = Info.plist; sourceTree = "<group>"; };
		F47404511D4F6287005E49CB /* NSString+ks.h */ = {isa = PBXFileReference; fileEncoding = 4; lastKnownFileType = sourcecode.c.h; path = "NSString+ks.h"; sourceTree = "<group>"; };
		F47404521D4F6287005E49CB /* NSString+ks.m */ = {isa = PBXFileReference; fileEncoding = 4; lastKnownFileType = sourcecode.c.objc; path = "NSString+ks.m"; sourceTree = "<group>"; };
/* End PBXFileReference section */

/* Begin PBXFrameworksBuildPhase section */
		F46C8AF61D4B7F8000F11890 /* Frameworks */ = {
			isa = PBXFrameworksBuildPhase;
			buildActionMask = 2147483647;
			files = (
			);
			runOnlyForDeploymentPostprocessing = 0;
		};
/* End PBXFrameworksBuildPhase section */

/* Begin PBXGroup section */
		F46C8AF01D4B7F8000F11890 = {
			isa = PBXGroup;
			children = (
				F46C8AFB1D4B7F8000F11890 /* ks2lua */,
				F46C8AFA1D4B7F8000F11890 /* Products */,
			);
			sourceTree = "<group>";
		};
		F46C8AFA1D4B7F8000F11890 /* Products */ = {
			isa = PBXGroup;
			children = (
				F46C8AF91D4B7F8000F11890 /* ks2lua.app */,
			);
			name = Products;
			sourceTree = "<group>";
		};
		F46C8AFB1D4B7F8000F11890 /* ks2lua */ = {
			isa = PBXGroup;
			children = (
				F46C8AFC1D4B7F8000F11890 /* AppDelegate.h */,
				F46C8AFD1D4B7F8000F11890 /* AppDelegate.m */,
				F46C8B021D4B7F8000F11890 /* ViewController.h */,
				F46C8B031D4B7F8000F11890 /* ViewController.m */,
				F46C8B051D4B7F8000F11890 /* Assets.xcassets */,
				F46C8B071D4B7F8000F11890 /* Main.storyboard */,
				F46C8B0A1D4B7F8000F11890 /* Info.plist */,
				F46C8AFF1D4B7F8000F11890 /* Supporting Files */,
				F47404511D4F6287005E49CB /* NSString+ks.h */,
				F47404521D4F6287005E49CB /* NSString+ks.m */,
			);
			path = ks2lua;
			sourceTree = "<group>";
		};
		F46C8AFF1D4B7F8000F11890 /* Supporting Files */ = {
			isa = PBXGroup;
			children = (
				F46C8B001D4B7F8000F11890 /* main.m */,
			);
			name = "Supporting Files";
			sourceTree = "<group>";
		};
/* End PBXGroup section */

/* Begin PBXNativeTarget section */
		F46C8AF81D4B7F8000F11890 /* ks2lua */ = {
			isa = PBXNativeTarget;
			buildConfigurationList = F46C8B0D1D4B7F8000F11890 /* Build configuration list for PBXNativeTarget "ks2lua" */;
			buildPhases = (
				F46C8AF51D4B7F8000F11890 /* Sources */,
				F46C8AF61D4B7F8000F11890 /* Frameworks */,
				F46C8AF71D4B7F8000F11890 /* Resources */,
			);
			buildRules = (
			);
			dependencies = (
			);
			name = ks2lua;
			productName = ks2lua;
			productReference = F46C8AF91D4B7F8000F11890 /* ks2lua.app */;
			productType = "com.apple.product-type.application";
		};
/* End PBXNativeTarget section */

/* Begin PBXProject section */
		F46C8AF11D4B7F8000F11890 /* Project object */ = {
			isa = PBXProject;
			attributes = {
				LastUpgradeCheck = 0730;
				ORGANIZATIONNAME = yaqinking;
				TargetAttributes = {
					F46C8AF81D4B7F8000F11890 = {
						CreatedOnToolsVersion = 7.3.1;
					};
				};
			};
			buildConfigurationList = F46C8AF41D4B7F8000F11890 /* Build configuration list for PBXProject "ks2lua" */;
			compatibilityVersion = "Xcode 3.2";
			developmentRegion = English;
			hasScannedForEncodings = 0;
			knownRegions = (
				en,
				Base,
			);
			mainGroup = F46C8AF01D4B7F8000F11890;
			productRefGroup = F46C8AFA1D4B7F8000F11890 /* Products */;
			projectDirPath = "";
			projectRoot = "";
			targets = (
				F46C8AF81D4B7F8000F11890 /* ks2lua */,
			);
		};
/* End PBXProject section */

/* Begin PBXResourcesBuildPhase section */
		F46C8AF71D4B7F8000F11890 /* Resources */ = {
			isa = PBXResourcesBuildPhase;
			buildActionMask = 2147483647;
			files = (
				F46C8B061D4B7F8000F11890 /* Assets.xcassets in Resources */,
				F46C8B091D4B7F8000F11890 /* Main.storyboard in Resources */,
			);
			runOnlyForDeploymentPostprocessing = 0;
		};
/* End PBXResourcesBuildPhase section */

/* Begin PBXSourcesBuildPhase section */
		F46C8AF51D4B7F8000F11890 /* Sources */ = {
			isa = PBXSourcesBuildPhase;
			buildActionMask = 2147483647;
			files = (
				F46C8B041D4B7F8000F11890 /* ViewController.m in Sources */,
				F47404531D4F6287005E49CB /* NSString+ks.m in Sources */,
				F46C8B011D4B7F8000F11890 /* main.m in Sources */,
				F46C8AFE1D4B7F8000F11890 /* AppDelegate.m in Sources */,
			);
			runOnlyForDeploymentPostprocessing = 0;
		};
/* End PBXSourcesBuildPhase section */

/* Begin PBXVariantGroup section */
		F46C8B071D4B7F8000F11890 /* Main.storyboard */ = {
			isa = PBXVariantGroup;
			children = (
				F46C8B081D4B7F8000F11890 /* Base */,
			);
			name = Main.storyboard;
			sourceTree = "<group>";
		};
/* End PBXVariantGroup section */

/* Begin XCBuildConfiguration section */
		F46C8B0B1D4B7F8000F11890 /* Debug */ = {
			isa = XCBuildConfiguration;
			buildSettings = {
				ALWAYS_SEARCH_USER_PATHS = NO;
				CLANG_ANALYZER_NONNULL = YES;
				CLANG_CXX_LANGUAGE_STANDARD = "gnu++0x";
				CLANG_CXX_LIBRARY = "libc++";
				CLANG_ENABLE_MODULES = YES;
				CLANG_ENABLE_OBJC_ARC = YES;
				CLANG_WARN_BOOL_CONVERSION = YES;
				CLANG_WARN_CONSTANT_CONVERSION = YES;
				CLANG_WARN_DIRECT_OBJC_ISA_USAGE = YES_ERROR;
				CLANG_WARN_EMPTY_BODY = YES;
				CLANG_WARN_ENUM_CONVERSION = YES;
				CLANG_WARN_INT_CONVERSION = YES;
				CLANG_WARN_OBJC_ROOT_CLASS = YES_ERROR;
				CLANG_WARN_UNREACHABLE_CODE = YES;
				CLANG_WARN__DUPLICATE_METHOD_MATCH = YES;
				CODE_SIGN_IDENTITY = "-";
				COPY_PHASE_STRIP = NO;
				DEBUG_INFORMATION_FORMAT = dwarf;
				ENABLE_STRICT_OBJC_MSGSEND = YES;
				ENABLE_TESTABILITY = YES;
				GCC_C_LANGUAGE_STANDARD = gnu99;
				GCC_DYNAMIC_NO_PIC = NO;
				GCC_NO_COMMON_BLOCKS = YES;
				GCC_OPTIMIZATION_LEVEL = 0;
				GCC_PREPROCESSOR_DEFINITIONS = (
					"DEBUG=1",
					"$(inherited)",
				);
				GCC_WARN_64_TO_32_BIT_CONVERSION = YES;
				GCC_WARN_ABOUT_RETURN_TYPE = YES_ERROR;
				GCC_WARN_UNDECLARED_SELECTOR = YES;
				GCC_WARN_UNINITIALIZED_AUTOS = YES_AGGRESSIVE;
				GCC_WARN_UNUSED_FUNCTION = YES;
				GCC_WARN_UNUSED_VARIABLE = YES;
				MACOSX_DEPLOYMENT_TARGET = 10.10;
				MTL_ENABLE_DEBUG_INFO = YES;
				ONLY_ACTIVE_ARCH = YES;
				SDKROOT = macosx;
			};
			name = Debug;
		};
		F46C8B0C1D4B7F8000F11890 /* Release */ = {
			isa = XCBuildConfiguration;
			buildSettings = {
				ALWAYS_SEARCH_USER_PATHS = NO;
				CLANG_ANALYZER_NONNULL = YES;
				CLANG_CXX_LANGUAGE_STANDARD = "gnu++0x";
				CLANG_CXX_LIBRARY = "libc++";
				CLANG_ENABLE_MODULES = YES;
				CLANG_ENABLE_OBJC_ARC = YES;
				CLANG_WARN_BOOL_CONVERSION = YES;
				CLANG_WARN_CONSTANT_CONVERSION = YES;
				CLANG_WARN_DIRECT_OBJC_ISA_USAGE = YES_ERROR;
				CLANG_WARN_EMPTY_BODY = YES;
				CLANG_WARN_ENUM_CONVERSION = YES;
				CLANG_WARN_INT_CONVERSION = YES;
				CLANG_WARN_OBJC_ROOT_CLASS = YES_ERROR;
				CLANG_WARN_UNREACHABLE_CODE = YES;
				CLANG_WARN__DUPLICATE_METHOD_MATCH = YES;
				CODE_SIGN_IDENTITY = "-";
				COPY_PHASE_STRIP = NO;
				DEBUG_INFORMATION_FORMAT = "dwarf-with-dsym";
				ENABLE_NS_ASSERTIONS = NO;
				ENABLE_STRICT_OBJC_MSGSEND = YES;
				GCC_C_LANGUAGE_STANDARD = gnu99;
				GCC_NO_COMMON_BLOCKS = YES;
				GCC_WARN_64_TO_32_BIT_CONVERSION = YES;
				GCC_WARN_ABOUT_RETURN_TYPE = YES_ERROR;
				GCC_WARN_UNDECLARED_SELECTOR = YES;
				GCC_WARN_UNINITIALIZED_AUTOS = YES_AGGRESSIVE;
				GCC_WARN_UNUSED_FUNCTION = YES;
				GCC_WARN_UNUSED_VARIABLE = YES;
				MACOSX_DEPLOYMENT_TARGET = 10.10;
				MTL_ENABLE_DEBUG_INFO = NO;
				SDKROOT = macosx;
			};
			name = Release;
		};
		F46C8B0E1D4B7F8000F11890 /* Debug */ = {
			isa = XCBuildConfiguration;
			buildSettings = {
				ASSETCATALOG_COMPILER_APPICON_NAME = AppIcon;
				COMBINE_HIDPI_IMAGES = YES;
				INFOPLIST_FILE = ks2lua/Info.plist;
				LD_RUNPATH_SEARCH_PATHS = "$(inherited) @executable_path/../Frameworks";
				PRODUCT_BUNDLE_IDENTIFIER = moe.yaqinking.ks2lua;
				PRODUCT_NAME = "$(TARGET_NAME)";
			};
			name = Debug;
		};
		F46C8B0F1D4B7F8000F11890 /* Release */ = {
			isa = XCBuildConfiguration;
			buildSettings = {
				ASSETCATALOG_COMPILER_APPICON_NAME = AppIcon;
				COMBINE_HIDPI_IMAGES = YES;
				INFOPLIST_FILE = ks2lua/Info.plist;
				LD_RUNPATH_SEARCH_PATHS = "$(inherited) @executable_path/../Frameworks";
				PRODUCT_BUNDLE_IDENTIFIER = moe.yaqinking.ks2lua;
				PRODUCT_NAME = "$(TARGET_NAME)";
			};
			name = Release;
		};
/* End XCBuildConfiguration section */

/* Begin XCConfigurationList section */
		F46C8AF41D4B7F8000F11890 /* Build configuration list for PBXProject "ks2lua" */ = {
			isa = XCConfigurationList;
			buildConfigurations = (
				F46C8B0B1D4B7F8000F11890 /* Debug */,
				F46C8B0C1D4B7F8000F11890 /* Release */,
			);
			defaultConfigurationIsVisible = 0;
			defaultConfigurationName = Release;
		};
		F46C8B0D1D4B7F8000F11890 /* Build configuration list for PBXNativeTarget "ks2lua" */ = {
			isa = XCConfigurationList;
			buildConfigurations = (
				F46C8B0E1D4B7F8000F11890 /* Debug */,
				F46C8B0F1D4B7F8000F11890 /* Release */,
			);
			defaultConfigurationIsVisible = 0;
			defaultConfigurationName = Release;
		};
/* End XCConfigurationList section */
	};
	rootObject = F46C8AF11D4B7F8000F11890 /* Project object */;
}
